
Microsoft Visual Studio Solution File, Format Version 12.00
# Visual Studio Version 16
VisualStudioVersion = 16.0.30611.23
MinimumVisualStudioVersion = 10.0.40219.1
Project("{9A19103F-16F7-4668-BE54-9A1E7A4F7556}") = "TestPrismModules", "TestPrismModules\TestPrismModules.csproj", "{5340DA1E-D483-43B0-BC27-EB9920A0B030}"
EndProject
Project("{FAE04EC0-301F-11D3-BF4B-00C04F79EFBC}") = "TestPrismModules.Android", "TestPrismModules.Android\TestPrismModules.Android.csproj", "{60412F61-A151-482E-9CAE-A47E6E12A660}"
EndProject
Project("{9A19103F-16F7-4668-BE54-9A1E7A4F7556}") = "TestModule1", "Modules\TestModule1\TestModule1.csproj", "{E1B20A0E-886A-49E1-8829-DB5E72592031}"
EndProject
Project("{FAE04EC0-301F-11D3-BF4B-00C04F79EFBC}") = "TestPrismModules.iOS", "TestPrismModules.iOS\TestPrismModules.iOS.csproj", "{45C64242-40D6-405C-BB40-E3D715B45D1A}"
EndProject
Project("{FAE04EC0-301F-11D3-BF4B-00C04F79EFBC}") = "AuthModule", "Modules\AuthModule\AuthModule.csproj", "{72994BD5-FD1F-4EDF-B963-750F42A47E5A}"
EndProject
Global
	GlobalSection(SolutionConfigurationPlatforms) = preSolution
		Debug|Any CPU = Debug|Any CPU
		Release|Any CPU = Release|Any CPU
		Debug|iPhoneSimulator = Debug|iPhoneSimulator
		Release|iPhoneSimulator = Release|iPhoneSimulator
		Debug|iPhone = Debug|iPhone
		Release|iPhone = Release|iPhone
		Ad-Hoc|iPhone = Ad-Hoc|iPhone
		AppStore|iPhone = AppStore|iPhone
	EndGlobalSection
	GlobalSection(ProjectConfigurationPlatforms) = postSolution
		{5340DA1E-D483-43B0-BC27-EB9920A0B030}.Debug|Any CPU.ActiveCfg = Debug|Any CPU
		{5340DA1E-D483-43B0-BC27-EB9920A0B030}.Debug|Any CPU.Build.0 = Debug|Any CPU
		{5340DA1E-D483-43B0-BC27-EB9920A0B030}.Release|Any CPU.ActiveCfg = Release|Any CPU
		{5340DA1E-D483-43B0-BC27-EB9920A0B030}.Release|Any CPU.Build.0 = Release|Any CPU
		{5340DA1E-D483-43B0-BC27-EB9920A0B030}.Debug|iPhoneSimulator.ActiveCfg = Debug|Any CPU
		{5340DA1E-D483-43B0-BC27-EB9920A0B030}.Debug|iPhoneSimulator.Build.0 = Debug|Any CPU
		{5340DA1E-D483-43B0-BC27-EB9920A0B030}.Release|iPhoneSimulator.ActiveCfg = Release|Any CPU
		{5340DA1E-D483-43B0-BC27-EB9920A0B030}.Release|iPhoneSimulator.Build.0 = Release|Any CPU
		{5340DA1E-D483-43B0-BC27-EB9920A0B030}.Debug|iPhone.ActiveCfg = Debug|Any CPU
		{5340DA1E-D483-43B0-BC27-EB9920A0B030}.Debug|iPhone.Build.0 = Debug|Any CPU
		{5340DA1E-D483-43B0-BC27-EB9920A0B030}.Release|iPhone.ActiveCfg = Release|Any CPU
		{5340DA1E-D483-43B0-BC27-EB9920A0B030}.Release|iPhone.Build.0 = Release|Any CPU
		{5340DA1E-D483-43B0-BC27-EB9920A0B030}.Ad-Hoc|iPhone.ActiveCfg = Debug|Any CPU
		{5340DA1E-D483-43B0-BC27-EB9920A0B030}.Ad-Hoc|iPhone.Build.0 = Debug|Any CPU
		{5340DA1E-D483-43B0-BC27-EB9920A0B030}.AppStore|iPhone.ActiveCfg = Debug|Any CPU
		{5340DA1E-D483-43B0-BC27-EB9920A0B030}.AppStore|iPhone.Build.0 = Debug|Any CPU
		{60412F61-A151-482E-9CAE-A47E6E12A660}.Debug|Any CPU.ActiveCfg = Debug|Any CPU
		{60412F61-A151-482E-9CAE-A47E6E12A660}.Debug|Any CPU.Build.0 = Debug|Any CPU
		{60412F61-A151-482E-9CAE-A47E6E12A660}.Debug|Any CPU.Deploy.0 = Debug|Any CPU
		{60412F61-A151-482E-9CAE-A47E6E12A660}.Release|Any CPU.ActiveCfg = Release|Any CPU
		{60412F61-A151-482E-9CAE-A47E6E12A660}.Release|Any CPU.Build.0 = Release|Any CPU
		{60412F61-A151-482E-9CAE-A47E6E12A660}.Release|Any CPU.Deploy.0 = Release|Any CPU
		{60412F61-A151-482E-9CAE-A47E6E12A660}.Debug|iPhoneSimulator.ActiveCfg = Debug|Any CPU
		{60412F61-A151-482E-9CAE-A47E6E12A660}.Debug|iPhoneSimulator.Build.0 = Debug|Any CPU
		{60412F61-A151-482E-9CAE-A47E6E12A660}.Release|iPhoneSimulator.ActiveCfg = Release|Any CPU
		{60412F61-A151-482E-9CAE-A47E6E12A660}.Release|iPhoneSimulator.Build.0 = Release|Any CPU
		{60412F61-A151-482E-9CAE-A47E6E12A660}.Debug|iPhone.ActiveCfg = Debug|Any CPU
		{60412F61-A151-482E-9CAE-A47E6E12A660}.Debug|iPhone.Build.0 = Debug|Any CPU
		{60412F61-A151-482E-9CAE-A47E6E12A660}.Release|iPhone.ActiveCfg = Release|Any CPU
		{60412F61-A151-482E-9CAE-A47E6E12A660}.Release|iPhone.Build.0 = Release|Any CPU
		{60412F61-A151-482E-9CAE-A47E6E12A660}.Ad-Hoc|iPhone.ActiveCfg = Debug|Any CPU
		{60412F61-A151-482E-9CAE-A47E6E12A660}.Ad-Hoc|iPhone.Build.0 = Debug|Any CPU
		{60412F61-A151-482E-9CAE-A47E6E12A660}.AppStore|iPhone.ActiveCfg = Debug|Any CPU
		{60412F61-A151-482E-9CAE-A47E6E12A660}.AppStore|iPhone.Build.0 = Debug|Any CPU
		{E1B20A0E-886A-49E1-8829-DB5E72592031}.Debug|Any CPU.ActiveCfg = Debug|Any CPU
		{E1B20A0E-886A-49E1-8829-DB5E72592031}.Debug|Any CPU.Build.0 = Debug|Any CPU
		{E1B20A0E-886A-49E1-8829-DB5E72592031}.Release|Any CPU.ActiveCfg = Release|Any CPU
		{E1B20A0E-886A-49E1-8829-DB5E72592031}.Release|Any CPU.Build.0 = Release|Any CPU
		{E1B20A0E-886A-49E1-8829-DB5E72592031}.Debug|iPhoneSimulator.ActiveCfg = Debug|Any CPU
		{E1B20A0E-886A-49E1-8829-DB5E72592031}.Debug|iPhoneSimulator.Build.0 = Debug|Any CPU
		{E1B20A0E-886A-49E1-8829-DB5E72592031}.Release|iPhoneSimulator.ActiveCfg = Release|Any CPU
		{E1B20A0E-886A-49E1-8829-DB5E72592031}.Release|iPhoneSimulator.Build.0 = Release|Any CPU
		{E1B20A0E-886A-49E1-8829-DB5E72592031}.Debug|iPhone.ActiveCfg = Debug|Any CPU
		{E1B20A0E-886A-49E1-8829-DB5E72592031}.Debug|iPhone.Build.0 = Debug|Any CPU
		{E1B20A0E-886A-49E1-8829-DB5E72592031}.Release|iPhone.ActiveCfg = Release|Any CPU
		{E1B20A0E-886A-49E1-8829-DB5E72592031}.Release|iPhone.Build.0 = Release|Any CPU
		{E1B20A0E-886A-49E1-8829-DB5E72592031}.Ad-Hoc|iPhone.ActiveCfg = Debug|Any CPU
		{E1B20A0E-886A-49E1-8829-DB5E72592031}.Ad-Hoc|iPhone.Build.0 = Debug|Any CPU
		{E1B20A0E-886A-49E1-8829-DB5E72592031}.AppStore|iPhone.ActiveCfg = Debug|Any CPU
		{E1B20A0E-886A-49E1-8829-DB5E72592031}.AppStore|iPhone.Build.0 = Debug|Any CPU
		{45C64242-40D6-405C-BB40-E3D715B45D1A}.Debug|Any CPU.ActiveCfg = Debug|iPhoneSimulator
		{45C64242-40D6-405C-BB40-E3D715B45D1A}.Debug|Any CPU.Build.0 = Debug|iPhoneSimulator
		{45C64242-40D6-405C-BB40-E3D715B45D1A}.Release|Any CPU.ActiveCfg = Release|iPhoneSimulator
		{45C64242-40D6-405C-BB40-E3D715B45D1A}.Release|Any CPU.Build.0 = Release|iPhoneSimulator
		{45C64242-40D6-405C-BB40-E3D715B45D1A}.Debug|iPhoneSimulator.ActiveCfg = Debug|iPhoneSimulator
		{45C64242-40D6-405C-BB40-E3D715B45D1A}.Debug|iPhoneSimulator.Build.0 = Debug|iPhoneSimulator
		{45C64242-40D6-405C-BB40-E3D715B45D1A}.Release|iPhoneSimulator.ActiveCfg = Release|iPhoneSimulator
		{45C64242-40D6-405C-BB40-E3D715B45D1A}.Release|iPhoneSimulator.Build.0 = Release|iPhoneSimulator
		{45C64242-40D6-405C-BB40-E3D715B45D1A}.Debug|iPhone.ActiveCfg = Debug|iPhone
		{45C64242-40D6-405C-BB40-E3D715B45D1A}.Debug|iPhone.Build.0 = Debug|iPhone
		{45C64242-40D6-405C-BB40-E3D715B45D1A}.Release|iPhone.ActiveCfg = Release|iPhone
		{45C64242-40D6-405C-BB40-E3D715B45D1A}.Release|iPhone.Build.0 = Release|iPhone
		{45C64242-40D6-405C-BB40-E3D715B45D1A}.Ad-Hoc|iPhone.ActiveCfg = Ad-Hoc|iPhone
		{45C64242-40D6-405C-BB40-E3D715B45D1A}.Ad-Hoc|iPhone.Build.0 = Ad-Hoc|iPhone
		{45C64242-40D6-405C-BB40-E3D715B45D1A}.AppStore|iPhone.ActiveCfg = AppStore|iPhone
		{45C64242-40D6-405C-BB40-E3D715B45D1A}.AppStore|iPhone.Build.0 = AppStore|iPhone
		{72994BD5-FD1F-4EDF-B963-750F42A47E5A}.Debug|Any CPU.ActiveCfg = Debug|Any CPU
		{72994BD5-FD1F-4EDF-B963-750F42A47E5A}.Debug|Any CPU.Build.0 = Debug|Any CPU
		{72994BD5-FD1F-4EDF-B963-750F42A47E5A}.Release|Any CPU.ActiveCfg = Release|Any CPU
		{72994BD5-FD1F-4EDF-B963-750F42A47E5A}.Release|Any CPU.Build.0 = Release|Any CPU
		{72994BD5-FD1F-4EDF-B963-750F42A47E5A}.Debug|iPhoneSimulator.ActiveCfg = Debug|Any CPU
		{72994BD5-FD1F-4EDF-B963-750F42A47E5A}.Debug|iPhoneSimulator.Build.0 = Debug|Any CPU
		{72994BD5-FD1F-4EDF-B963-750F42A47E5A}.Release|iPhoneSimulator.ActiveCfg = Release|Any CPU
		{72994BD5-FD1F-4EDF-B963-750F42A47E5A}.Release|iPhoneSimulator.Build.0 = Release|Any CPU
		{72994BD5-FD1F-4EDF-B963-750F42A47E5A}.Debug|iPhone.ActiveCfg = Debug|Any CPU
		{72994BD5-FD1F-4EDF-B963-750F42A47E5A}.Debug|iPhone.Build.0 = Debug|Any CPU
		{72994BD5-FD1F-4EDF-B963-750F42A47E5A}.Release|iPhone.ActiveCfg = Release|Any CPU
		{72994BD5-FD1F-4EDF-B963-750F42A47E5A}.Release|iPhone.Build.0 = Release|Any CPU
		{72994BD5-FD1F-4EDF-B963-750F42A47E5A}.Ad-Hoc|iPhone.ActiveCfg = Release|Any CPU
		{72994BD5-FD1F-4EDF-B963-750F42A47E5A}.Ad-Hoc|iPhone.Build.0 = Release|Any CPU
		{72994BD5-FD1F-4EDF-B963-750F42A47E5A}.AppStore|iPhone.ActiveCfg = Release|Any CPU
		{72994BD5-FD1F-4EDF-B963-750F42A47E5A}.AppStore|iPhone.Build.0 = Release|Any CPU
	EndGlobalSection
	GlobalSection(SolutionProperties) = preSolution
		HideSolutionNode = FALSE
	EndGlobalSection
	GlobalSection(ExtensibilityGlobals) = postSolution
		SolutionGuid = {DDB672A2-04FF-46C1-9861-CD295A5D6298}
	EndGlobalSection
EndGlobal
